
Microsoft Visual Studio Solution File, Format Version 12.00
# Visual Studio Version 16
VisualStudioVersion = 16.0.29806.167
MinimumVisualStudioVersion = 10.0.40219.1
Project("{FAE04EC0-301F-11D3-BF4B-00C04F79EFBC}") = "NHSD.BuyingCatalogue.Identity.API", "src\NHSD.BuyingCatalogue.Identity.API\NHSD.BuyingCatalogue.Identity.API.csproj", "{11C8767D-0E53-4725-8B86-AF52EB8FC26A}"
EndProject
Project("{2150E333-8FDC-42A3-9474-1A3956D46DE8}") = "src", "src", "{948C5748-B51C-4610-A86B-8C9C5481A3C8}"
EndProject
Project("{2150E333-8FDC-42A3-9474-1A3956D46DE8}") = "tests", "tests", "{D85EB6BE-F1E1-42DC-9916-F7F0B1FB0964}"
EndProject
Project("{FAE04EC0-301F-11D3-BF4B-00C04F79EFBC}") = "NHSD.BuyingCatalogue.Identity.API.UnitTests", "tests\NHSD.BuyingCatalogue.Identity.API.UnitTests\NHSD.BuyingCatalogue.Identity.API.UnitTests.csproj", "{AF38DDA3-D143-4222-B763-8ED2F6B46FD6}"
EndProject
Global
	GlobalSection(SolutionConfigurationPlatforms) = preSolution
		Debug|Any CPU = Debug|Any CPU
		Release|Any CPU = Release|Any CPU
	EndGlobalSection
	GlobalSection(ProjectConfigurationPlatforms) = postSolution
		{11C8767D-0E53-4725-8B86-AF52EB8FC26A}.Debug|Any CPU.ActiveCfg = Debug|Any CPU
		{11C8767D-0E53-4725-8B86-AF52EB8FC26A}.Debug|Any CPU.Build.0 = Debug|Any CPU
		{11C8767D-0E53-4725-8B86-AF52EB8FC26A}.Release|Any CPU.ActiveCfg = Release|Any CPU
		{11C8767D-0E53-4725-8B86-AF52EB8FC26A}.Release|Any CPU.Build.0 = Release|Any CPU
		{AF38DDA3-D143-4222-B763-8ED2F6B46FD6}.Debug|Any CPU.ActiveCfg = Debug|Any CPU
		{AF38DDA3-D143-4222-B763-8ED2F6B46FD6}.Debug|Any CPU.Build.0 = Debug|Any CPU
		{AF38DDA3-D143-4222-B763-8ED2F6B46FD6}.Release|Any CPU.ActiveCfg = Release|Any CPU
		{AF38DDA3-D143-4222-B763-8ED2F6B46FD6}.Release|Any CPU.Build.0 = Release|Any CPU
	EndGlobalSection
	GlobalSection(SolutionProperties) = preSolution
		HideSolutionNode = FALSE
	EndGlobalSection
	GlobalSection(NestedProjects) = preSolution
		{11C8767D-0E53-4725-8B86-AF52EB8FC26A} = {948C5748-B51C-4610-A86B-8C9C5481A3C8}
		{AF38DDA3-D143-4222-B763-8ED2F6B46FD6} = {D85EB6BE-F1E1-42DC-9916-F7F0B1FB0964}
	EndGlobalSection
	GlobalSection(ExtensibilityGlobals) = postSolution
		SolutionGuid = {8F31FE6D-BAC7-4A65-8C98-7467435882A2}
	EndGlobalSection
EndGlobal
